{
  "name": "app",
  "lockfileVersion": 3,
  "requires": true,
  "packages": {
    "": {
      "dependencies": {
        "@undecaf/zbar-wasm": "^0.11.0"
      }
    },
    "node_modules/@undecaf/zbar-wasm": {
      "version": "0.11.0",
      "resolved": "https://registry.npmjs.org/@undecaf/zbar-wasm/-/zbar-wasm-0.11.0.tgz",
      "integrity": "sha512-z2UZ+Uc50+qyE+HbU+Obdk/E5ecB7xYiu0i99bHQ9VlZVH0JMmE/5mJQa16Cutvwt80C9OZl8jEVayf5s5Azow==",
      "license": "LGPL-2.1+"
    }
  }
}
